
Microsoft Visual Studio Solution File, Format Version 12.00
Project("{FAE04EC0-301F-11D3-BF4B-00C04F79EFBC}") = "PaperCave.Api", "PaperCave.Api\PaperCave.Api.csproj", "{574C1256-F08F-4AC1-9506-4A2006E85C90}"
EndProject
Project("{FAE04EC0-301F-11D3-BF4B-00C04F79EFBC}") = "PaperCave.Services", "PaperCave.Services\PaperCave.Services.csproj", "{04F68F09-9790-4B96-B0B6-D87975AEC183}"
EndProject
Project("{FAE04EC0-301F-11D3-BF4B-00C04F79EFBC}") = "PaperCave.Models", "PaperCave.Models\PaperCave.Models.csproj", "{733FAE02-7CAD-42FC-ACF6-7AF9AE1DA3A3}"
EndProject
Project("{FAE04EC0-301F-11D3-BF4B-00C04F79EFBC}") = "PaperCave.Infrastructure", "PaperCave.Infrastructure\PaperCave.Infrastructure.csproj", "{A8ECA7A4-B6A9-462B-9F99-97C3BA5111ED}"
EndProject
Project("{2150E333-8FDC-42A3-9474-1A3956D46DE8}") = "Solution Items", "Solution Items", "{81163179-EA76-474A-8839-38F63DEA02CF}"
	ProjectSection(SolutionItems) = preProject
		compose.yaml = compose.yaml
	EndProjectSection
EndProject
Global
	GlobalSection(SolutionConfigurationPlatforms) = preSolution
		Debug|Any CPU = Debug|Any CPU
		Release|Any CPU = Release|Any CPU
	EndGlobalSection
	GlobalSection(ProjectConfigurationPlatforms) = postSolution
		{574C1256-F08F-4AC1-9506-4A2006E85C90}.Debug|Any CPU.ActiveCfg = Debug|Any CPU
		{574C1256-F08F-4AC1-9506-4A2006E85C90}.Debug|Any CPU.Build.0 = Debug|Any CPU
		{574C1256-F08F-4AC1-9506-4A2006E85C90}.Release|Any CPU.ActiveCfg = Release|Any CPU
		{574C1256-F08F-4AC1-9506-4A2006E85C90}.Release|Any CPU.Build.0 = Release|Any CPU
		{04F68F09-9790-4B96-B0B6-D87975AEC183}.Debug|Any CPU.ActiveCfg = Debug|Any CPU
		{04F68F09-9790-4B96-B0B6-D87975AEC183}.Debug|Any CPU.Build.0 = Debug|Any CPU
		{04F68F09-9790-4B96-B0B6-D87975AEC183}.Release|Any CPU.ActiveCfg = Release|Any CPU
		{04F68F09-9790-4B96-B0B6-D87975AEC183}.Release|Any CPU.Build.0 = Release|Any CPU
		{733FAE02-7CAD-42FC-ACF6-7AF9AE1DA3A3}.Debug|Any CPU.ActiveCfg = Debug|Any CPU
		{733FAE02-7CAD-42FC-ACF6-7AF9AE1DA3A3}.Debug|Any CPU.Build.0 = Debug|Any CPU
		{733FAE02-7CAD-42FC-ACF6-7AF9AE1DA3A3}.Release|Any CPU.ActiveCfg = Release|Any CPU
		{733FAE02-7CAD-42FC-ACF6-7AF9AE1DA3A3}.Release|Any CPU.Build.0 = Release|Any CPU
		{A8ECA7A4-B6A9-462B-9F99-97C3BA5111ED}.Debug|Any CPU.ActiveCfg = Debug|Any CPU
		{A8ECA7A4-B6A9-462B-9F99-97C3BA5111ED}.Debug|Any CPU.Build.0 = Debug|Any CPU
		{A8ECA7A4-B6A9-462B-9F99-97C3BA5111ED}.Release|Any CPU.ActiveCfg = Release|Any CPU
		{A8ECA7A4-B6A9-462B-9F99-97C3BA5111ED}.Release|Any CPU.Build.0 = Release|Any CPU
	EndGlobalSection
EndGlobal
